
Microsoft Visual Studio Solution File, Format Version 12.00
# Visual Studio 15
VisualStudioVersion = 15.0.26730.16
MinimumVisualStudioVersion = 10.0.40219.1
Project("{FAE04EC0-301F-11D3-BF4B-00C04F79EFBC}") = "Harjoitukset12", "Harjoitukset12.csproj", "{A36A6619-7C3D-483E-830C-5DD4C260BEF8}"
EndProject
Global
	GlobalSection(SolutionConfigurationPlatforms) = preSolution
		Debug|Any CPU = Debug|Any CPU
		Release|Any CPU = Release|Any CPU
	EndGlobalSection
	GlobalSection(ProjectConfigurationPlatforms) = postSolution
		{A36A6619-7C3D-483E-830C-5DD4C260BEF8}.Debug|Any CPU.ActiveCfg = Debug|Any CPU
		{A36A6619-7C3D-483E-830C-5DD4C260BEF8}.Debug|Any CPU.Build.0 = Debug|Any CPU
		{A36A6619-7C3D-483E-830C-5DD4C260BEF8}.Release|Any CPU.ActiveCfg = Release|Any CPU
		{A36A6619-7C3D-483E-830C-5DD4C260BEF8}.Release|Any CPU.Build.0 = Release|Any CPU
	EndGlobalSection
	GlobalSection(SolutionProperties) = preSolution
		HideSolutionNode = FALSE
	EndGlobalSection
	GlobalSection(ExtensibilityGlobals) = postSolution
		SolutionGuid = {B4C5EEF5-6D7B-4AD4-BCC7-C83E23EF5911}
	EndGlobalSection
EndGlobal
